// !$*UTF8*$!
{
	archiveVersion = 1;
	classes = {
	};
	objectVersion = 46;
	objects = {

/* Begin PBXBuildFile section */
		1DF5F4E00D08C38300B7A737 /* UIKit.framework in Frameworks */ = {isa = PBXBuildFile; fileRef = 1DF5F4DF0D08C38300B7A737 /* UIKit.framework */; };
		5D62043B188CB10400A1074D /* Default-568h@2x.png in Resources */ = {isa = PBXBuildFile; fileRef = 5D62043A188CB10400A1074D /* Default-568h@2x.png */; };
		5D87FF68188C9B560052ABE3 /* FileMD5HashViewController.m in Sources */ = {isa = PBXBuildFile; fileRef = 5D87FF67188C9B560052ABE3 /* FileMD5HashViewController.m */; };
		5D87FF6B188CA3D10052ABE3 /* FileMD5HashViewController.m in Sources */ = {isa = PBXBuildFile; fileRef = 5D87FF6A188CA3D10052ABE3 /* FileMD5HashViewController.m */; };
		5DC8CD9C126AF59300CE5F6B /* FileMD5Hash.xib in Resources */ = {isa = PBXBuildFile; fileRef = 5DC8CD9B126AF59300CE5F6B /* FileMD5Hash.xib */; };
		5DC8CD9E126AF5F300CE5F6B /* FileMD5Hash.m in Sources */ = {isa = PBXBuildFile; fileRef = 5DC8CD9D126AF5F300CE5F6B /* FileMD5Hash.m */; };
		5DC8CDC2126AF93100CE5F6B /* FileMD5HashApplicationDelegate.m in Sources */ = {isa = PBXBuildFile; fileRef = 5DC8CDC1126AF93100CE5F6B /* FileMD5HashApplicationDelegate.m */; };
		5DC8CDF7126AFFB700CE5F6B /* FileHash.m in Sources */ = {isa = PBXBuildFile; fileRef = 5DE28614126AD4EB0092F897 /* FileHash.m */; };
		5DC8CEB4126B01FC00CE5F6B /* Cocoa.framework in Frameworks */ = {isa = PBXBuildFile; fileRef = 5DC8CEB3126B01FC00CE5F6B /* Cocoa.framework */; };
		5DE285F3126ACE760092F897 /* FileMD5Hash.m in Sources */ = {isa = PBXBuildFile; fileRef = 5DE285DB126ACE110092F897 /* FileMD5Hash.m */; };
		5DE28616126AD5230092F897 /* FileHash.m in Sources */ = {isa = PBXBuildFile; fileRef = 5DE28614126AD4EB0092F897 /* FileHash.m */; };
		5DF37931126AE8A200DC3A70 /* FileMD5HashApplicationDelegate.m in Sources */ = {isa = PBXBuildFile; fileRef = 5DF37930126AE85C00DC3A70 /* FileMD5HashApplicationDelegate.m */; };
		5DF37A0B126AEB3300DC3A70 /* Foundation.framework in Frameworks */ = {isa = PBXBuildFile; fileRef = 5DF37A0A126AEB3300DC3A70 /* Foundation.framework */; };
/* End PBXBuildFile section */

/* Begin PBXFileReference section */
		1D6058910D05DD3D006BFB54 /* FileMD5Hash.app */ = {isa = PBXFileReference; explicitFileType = wrapper.application; includeInIndex = 0; path = FileMD5Hash.app; sourceTree = BUILT_PRODUCTS_DIR; };
		1DF5F4DF0D08C38300B7A737 /* UIKit.framework */ = {isa = PBXFileReference; lastKnownFileType = wrapper.framework; name = UIKit.framework; path = System/Library/Frameworks/UIKit.framework; sourceTree = SDKROOT; };
		5D62043A188CB10400A1074D /* Default-568h@2x.png */ = {isa = PBXFileReference; lastKnownFileType = image.png; path = "Default-568h@2x.png"; sourceTree = "<group>"; };
		5D87FF66188C9B560052ABE3 /* FileMD5HashViewController.h */ = {isa = PBXFileReference; fileEncoding = 4; lastKnownFileType = sourcecode.c.h; path = FileMD5HashViewController.h; sourceTree = "<group>"; };
		5D87FF67188C9B560052ABE3 /* FileMD5HashViewController.m */ = {isa = PBXFileReference; fileEncoding = 4; lastKnownFileType = sourcecode.c.objc; path = FileMD5HashViewController.m; sourceTree = "<group>"; };
		5D87FF69188CA3D10052ABE3 /* FileMD5HashViewController.h */ = {isa = PBXFileReference; fileEncoding = 4; lastKnownFileType = sourcecode.c.h; path = FileMD5HashViewController.h; sourceTree = "<group>"; };
		5D87FF6A188CA3D10052ABE3 /* FileMD5HashViewController.m */ = {isa = PBXFileReference; fileEncoding = 4; lastKnownFileType = sourcecode.c.objc; path = FileMD5HashViewController.m; sourceTree = "<group>"; };
		5DC8CD7C126AF42700CE5F6B /* FileMD5Hash.app */ = {isa = PBXFileReference; explicitFileType = wrapper.application; includeInIndex = 0; path = FileMD5Hash.app; sourceTree = BUILT_PRODUCTS_DIR; };
		5DC8CD84126AF49500CE5F6B /* FileMD5Hash-Info.plist */ = {isa = PBXFileReference; fileEncoding = 4; lastKnownFileType = text.plist.xml; path = "FileMD5Hash-Info.plist"; sourceTree = "<group>"; };
		5DC8CD9B126AF59300CE5F6B /* FileMD5Hash.xib */ = {isa = PBXFileReference; lastKnownFileType = file.xib; path = FileMD5Hash.xib; sourceTree = "<group>"; };
		5DC8CD9D126AF5F300CE5F6B /* FileMD5Hash.m */ = {isa = PBXFileReference; fileEncoding = 4; lastKnownFileType = sourcecode.c.objc; path = FileMD5Hash.m; sourceTree = "<group>"; };
		5DC8CDC0126AF93100CE5F6B /* FileMD5HashApplicationDelegate.h */ = {isa = PBXFileReference; fileEncoding = 4; lastKnownFileType = sourcecode.c.h; path = FileMD5HashApplicationDelegate.h; sourceTree = "<group>"; };
		5DC8CDC1126AF93100CE5F6B /* FileMD5HashApplicationDelegate.m */ = {isa = PBXFileReference; fileEncoding = 4; lastKnownFileType = sourcecode.c.objc; path = FileMD5HashApplicationDelegate.m; sourceTree = "<group>"; };
		5DC8CEB3126B01FC00CE5F6B /* Cocoa.framework */ = {isa = PBXFileReference; lastKnownFileType = wrapper.framework; name = Cocoa.framework; path = System/Library/Frameworks/Cocoa.framework; sourceTree = SDKROOT; };
		5DE285D1126ACE110092F897 /* FileMD5Hash-Info.plist */ = {isa = PBXFileReference; fileEncoding = 4; lastKnownFileType = text.plist.xml; path = "FileMD5Hash-Info.plist"; sourceTree = "<group>"; };
		5DE285DB126ACE110092F897 /* FileMD5Hash.m */ = {isa = PBXFileReference; fileEncoding = 4; lastKnownFileType = sourcecode.c.objc; path = FileMD5Hash.m; sourceTree = "<group>"; };
		5DE28614126AD4EB0092F897 /* FileHash.m */ = {isa = PBXFileReference; fileEncoding = 4; lastKnownFileType = sourcecode.c.objc; path = FileHash.m; sourceTree = "<group>"; };
		5DE28615126AD4EB0092F897 /* FileHash.h */ = {isa = PBXFileReference; fileEncoding = 4; lastKnownFileType = sourcecode.c.h; path = FileHash.h; sourceTree = "<group>"; };
		5DF3792F126AE85C00DC3A70 /* FileMD5HashApplicationDelegate.h */ = {isa = PBXFileReference; fileEncoding = 4; lastKnownFileType = sourcecode.c.h; path = FileMD5HashApplicationDelegate.h; sourceTree = "<group>"; };
		5DF37930126AE85C00DC3A70 /* FileMD5HashApplicationDelegate.m */ = {isa = PBXFileReference; fileEncoding = 4; lastKnownFileType = sourcecode.c.objc; path = FileMD5HashApplicationDelegate.m; sourceTree = "<group>"; };
		5DF37A0A126AEB3300DC3A70 /* Foundation.framework */ = {isa = PBXFileReference; lastKnownFileType = wrapper.framework; name = Foundation.framework; path = System/Library/Frameworks/Foundation.framework; sourceTree = SDKROOT; };
/* End PBXFileReference section */

/* Begin PBXFrameworksBuildPhase section */
		1D60588F0D05DD3D006BFB54 /* Frameworks */ = {
			isa = PBXFrameworksBuildPhase;
			buildActionMask = 2147483647;
			files = (
				1DF5F4E00D08C38300B7A737 /* UIKit.framework in Frameworks */,
				5DF37A0B126AEB3300DC3A70 /* Foundation.framework in Frameworks */,
			);
			runOnlyForDeploymentPostprocessing = 0;
		};
		5DC8CD7A126AF42700CE5F6B /* Frameworks */ = {
			isa = PBXFrameworksBuildPhase;
			buildActionMask = 2147483647;
			files = (
				5DC8CEB4126B01FC00CE5F6B /* Cocoa.framework in Frameworks */,
			);
			runOnlyForDeploymentPostprocessing = 0;
		};
/* End PBXFrameworksBuildPhase section */

/* Begin PBXGroup section */
		19C28FACFE9D520D11CA2CBB /* Products */ = {
			isa = PBXGroup;
			children = (
				1D6058910D05DD3D006BFB54 /* FileMD5Hash.app */,
				5DC8CD7C126AF42700CE5F6B /* FileMD5Hash.app */,
			);
			name = Products;
			sourceTree = "<group>";
		};
		29B97314FDCFA39411CA2CEA /* CustomTemplate */ = {
			isa = PBXGroup;
			children = (
				5DE28613126AD4EB0092F897 /* Library */,
				5DE285D0126ACE110092F897 /* iOS */,
				5DC8CD83126AF49500CE5F6B /* OS X */,
				29B97323FDCFA39411CA2CEA /* Frameworks */,
				19C28FACFE9D520D11CA2CBB /* Products */,
			);
			name = CustomTemplate;
			sourceTree = "<group>";
		};
		29B97323FDCFA39411CA2CEA /* Frameworks */ = {
			isa = PBXGroup;
			children = (
				5DC8CE0C126B01B600CE5F6B /* iOS */,
				5DC8CEB2126B01C200CE5F6B /* OS X */,
			);
			name = Frameworks;
			sourceTree = "<group>";
		};
		5DC8CD83126AF49500CE5F6B /* OS X */ = {
			isa = PBXGroup;
			children = (
				5DC8CDC0126AF93100CE5F6B /* FileMD5HashApplicationDelegate.h */,
				5DC8CDC1126AF93100CE5F6B /* FileMD5HashApplicationDelegate.m */,
				5D87FF69188CA3D10052ABE3 /* FileMD5HashViewController.h */,
				5D87FF6A188CA3D10052ABE3 /* FileMD5HashViewController.m */,
				5DC8CD9B126AF59300CE5F6B /* FileMD5Hash.xib */,
				5DC8CD9D126AF5F300CE5F6B /* FileMD5Hash.m */,
				5DC8CD84126AF49500CE5F6B /* FileMD5Hash-Info.plist */,
			);
			name = "OS X";
			path = OSX;
			sourceTree = "<group>";
		};
		5DC8CE0C126B01B600CE5F6B /* iOS */ = {
			isa = PBXGroup;
			children = (
				1DF5F4DF0D08C38300B7A737 /* UIKit.framework */,
				5DF37A0A126AEB3300DC3A70 /* Foundation.framework */,
			);
			name = iOS;
			sourceTree = "<group>";
		};
		5DC8CEB2126B01C200CE5F6B /* OS X */ = {
			isa = PBXGroup;
			children = (
				5DC8CEB3126B01FC00CE5F6B /* Cocoa.framework */,
			);
			name = "OS X";
			sourceTree = "<group>";
		};
		5DE285D0126ACE110092F897 /* iOS */ = {
			isa = PBXGroup;
			children = (
				5DF3792F126AE85C00DC3A70 /* FileMD5HashApplicationDelegate.h */,
				5DF37930126AE85C00DC3A70 /* FileMD5HashApplicationDelegate.m */,
				5D87FF66188C9B560052ABE3 /* FileMD5HashViewController.h */,
				5D87FF67188C9B560052ABE3 /* FileMD5HashViewController.m */,
				5DE285DB126ACE110092F897 /* FileMD5Hash.m */,
				5DE285D1126ACE110092F897 /* FileMD5Hash-Info.plist */,
				5D62043A188CB10400A1074D /* Default-568h@2x.png */,
			);
			path = iOS;
			sourceTree = "<group>";
		};
		5DE28613126AD4EB0092F897 /* Library */ = {
			isa = PBXGroup;
			children = (
				5DE28615126AD4EB0092F897 /* FileHash.h */,
				5DE28614126AD4EB0092F897 /* FileHash.m */,
			);
			path = Library;
			sourceTree = "<group>";
		};
/* End PBXGroup section */

/* Begin PBXNativeTarget section */
		1D6058900D05DD3D006BFB54 /* iOS */ = {
			isa = PBXNativeTarget;
			buildConfigurationList = 1D6058960D05DD3E006BFB54 /* Build configuration list for PBXNativeTarget "iOS" */;
			buildPhases = (
				1D60588D0D05DD3D006BFB54 /* Resources */,
				1D60588E0D05DD3D006BFB54 /* Sources */,
				1D60588F0D05DD3D006BFB54 /* Frameworks */,
			);
			buildRules = (
			);
			dependencies = (
			);
			name = iOS;
			productName = FileMD5Hash;
			productReference = 1D6058910D05DD3D006BFB54 /* FileMD5Hash.app */;
			productType = "com.apple.product-type.application";
		};
		5DC8CD7B126AF42700CE5F6B /* OS X */ = {
			isa = PBXNativeTarget;
			buildConfigurationList = 5DC8CD81126AF42800CE5F6B /* Build configuration list for PBXNativeTarget "OS X" */;
			buildPhases = (
				5DC8CD78126AF42700CE5F6B /* Resources */,
				5DC8CD79126AF42700CE5F6B /* Sources */,
				5DC8CD7A126AF42700CE5F6B /* Frameworks */,
			);
			buildRules = (
			);
			dependencies = (
			);
			name = "OS X";
			productName = FileMD5Hash;
			productReference = 5DC8CD7C126AF42700CE5F6B /* FileMD5Hash.app */;
			productType = "com.apple.product-type.application";
		};
/* End PBXNativeTarget section */

/* Begin PBXProject section */
		29B97313FDCFA39411CA2CEA /* Project object */ = {
			isa = PBXProject;
			attributes = {
				LastUpgradeCheck = 0500;
			};
			buildConfigurationList = C01FCF4E08A954540054247B /* Build configuration list for PBXProject "FileMD5Hash" */;
			compatibilityVersion = "Xcode 3.2";
			developmentRegion = English;
			hasScannedForEncodings = 1;
			knownRegions = (
				English,
				Japanese,
				French,
				German,
			);
			mainGroup = 29B97314FDCFA39411CA2CEA /* CustomTemplate */;
			projectDirPath = "";
			projectRoot = "";
			targets = (
				1D6058900D05DD3D006BFB54 /* iOS */,
				5DC8CD7B126AF42700CE5F6B /* OS X */,
			);
		};
/* End PBXProject section */

/* Begin PBXResourcesBuildPhase section */
		1D60588D0D05DD3D006BFB54 /* Resources */ = {
			isa = PBXResourcesBuildPhase;
			buildActionMask = 2147483647;
			files = (
				5D62043B188CB10400A1074D /* Default-568h@2x.png in Resources */,
			);
			runOnlyForDeploymentPostprocessing = 0;
		};
		5DC8CD78126AF42700CE5F6B /* Resources */ = {
			isa = PBXResourcesBuildPhase;
			buildActionMask = 2147483647;
			files = (
				5DC8CD9C126AF59300CE5F6B /* FileMD5Hash.xib in Resources */,
			);
			runOnlyForDeploymentPostprocessing = 0;
		};
/* End PBXResourcesBuildPhase section */

/* Begin PBXSourcesBuildPhase section */
		1D60588E0D05DD3D006BFB54 /* Sources */ = {
			isa = PBXSourcesBuildPhase;
			buildActionMask = 2147483647;
			files = (
				5DF37931126AE8A200DC3A70 /* FileMD5HashApplicationDelegate.m in Sources */,
				5DE28616126AD5230092F897 /* FileHash.m in Sources */,
				5DE285F3126ACE760092F897 /* FileMD5Hash.m in Sources */,
				5D87FF68188C9B560052ABE3 /* FileMD5HashViewController.m in Sources */,
			);
			runOnlyForDeploymentPostprocessing = 0;
		};
		5DC8CD79126AF42700CE5F6B /* Sources */ = {
			isa = PBXSourcesBuildPhase;
			buildActionMask = 2147483647;
			files = (
				5DC8CDC2126AF93100CE5F6B /* FileMD5HashApplicationDelegate.m in Sources */,
				5DC8CDF7126AFFB700CE5F6B /* FileHash.m in Sources */,
				5DC8CD9E126AF5F300CE5F6B /* FileMD5Hash.m in Sources */,
				5D87FF6B188CA3D10052ABE3 /* FileMD5HashViewController.m in Sources */,
			);
			runOnlyForDeploymentPostprocessing = 0;
		};
/* End PBXSourcesBuildPhase section */

/* Begin XCBuildConfiguration section */
		1D6058940D05DD3E006BFB54 /* Debug */ = {
			isa = XCBuildConfiguration;
			buildSettings = {
				ALWAYS_SEARCH_USER_PATHS = NO;
				GCC_DYNAMIC_NO_PIC = NO;
				GCC_OPTIMIZATION_LEVEL = 0;
				INFOPLIST_FILE = "iOS/FileMD5Hash-Info.plist";
				PRODUCT_NAME = FileMD5Hash;
			};
			name = Debug;
		};
		1D6058950D05DD3E006BFB54 /* Release */ = {
			isa = XCBuildConfiguration;
			buildSettings = {
				ALWAYS_SEARCH_USER_PATHS = NO;
				INFOPLIST_FILE = "iOS/FileMD5Hash-Info.plist";
				PRODUCT_NAME = FileMD5Hash;
				VALIDATE_PRODUCT = YES;
			};
			name = Release;
		};
		5DC8CD7F126AF42800CE5F6B /* Debug */ = {
			isa = XCBuildConfiguration;
			buildSettings = {
				ALWAYS_SEARCH_USER_PATHS = NO;
				COMBINE_HIDPI_IMAGES = YES;
				COPY_PHASE_STRIP = NO;
				GCC_DYNAMIC_NO_PIC = NO;
				GCC_ENABLE_FIX_AND_CONTINUE = YES;
				GCC_MODEL_TUNING = G5;
				GCC_OPTIMIZATION_LEVEL = 0;
				INFOPLIST_FILE = "OSX/FileMD5Hash-Info.plist";
				INSTALL_PATH = "$(HOME)/Applications";
				MACOSX_DEPLOYMENT_TARGET = 10.8;
				OTHER_LDFLAGS = (
					"-framework",
					Foundation,
					"-framework",
					AppKit,
				);
				PREBINDING = NO;
				PRODUCT_NAME = FileMD5Hash;
				SDKROOT = macosx;
			};
			name = Debug;
		};
		5DC8CD80126AF42800CE5F6B /* Release */ = {
			isa = XCBuildConfiguration;
			buildSettings = {
				ALWAYS_SEARCH_USER_PATHS = NO;
				COMBINE_HIDPI_IMAGES = YES;
				COPY_PHASE_STRIP = YES;
				GCC_ENABLE_FIX_AND_CONTINUE = NO;
				GCC_MODEL_TUNING = G5;
				INFOPLIST_FILE = "OSX/FileMD5Hash-Info.plist";
				INSTALL_PATH = "$(HOME)/Applications";
				MACOSX_DEPLOYMENT_TARGET = 10.8;
				OTHER_LDFLAGS = (
					"-framework",
					Foundation,
					"-framework",
					AppKit,
				);
				PREBINDING = NO;
				PRODUCT_NAME = FileMD5Hash;
				SDKROOT = macosx;
				ZERO_LINK = NO;
			};
			name = Release;
		};
		C01FCF4F08A954540054247B /* Debug */ = {
			isa = XCBuildConfiguration;
			buildSettings = {
				CLANG_WARN_BOOL_CONVERSION = YES;
				CLANG_WARN_CONSTANT_CONVERSION = YES;
				CLANG_WARN_CXX0X_EXTENSIONS = YES;
				CLANG_WARN_DEPRECATED_OBJC_IMPLEMENTATIONS = YES;
				CLANG_WARN_DOCUMENTATION_COMMENTS = YES;
				CLANG_WARN_EMPTY_BODY = YES;
				CLANG_WARN_ENUM_CONVERSION = YES;
				CLANG_WARN_IMPLICIT_SIGN_CONVERSION = YES;
				CLANG_WARN_INT_CONVERSION = YES;
				CLANG_WARN_OBJC_IMPLICIT_ATOMIC_PROPERTIES = YES;
				CLANG_WARN_SUSPICIOUS_IMPLICIT_CONVERSION = YES;
				CLANG_WARN__DUPLICATE_METHOD_MATCH = YES;
				CLANG_WARN__EXIT_TIME_DESTRUCTORS = YES;
				DEBUG_INFORMATION_FORMAT = "dwarf-with-dsym";
				GCC_C_LANGUAGE_STANDARD = c99;
				GCC_TREAT_IMPLICIT_FUNCTION_DECLARATIONS_AS_ERRORS = YES;
				GCC_TREAT_INCOMPATIBLE_POINTER_TYPE_WARNINGS_AS_ERRORS = YES;
				GCC_TREAT_WARNINGS_AS_ERRORS = YES;
				GCC_WARN_64_TO_32_BIT_CONVERSION = YES;
				GCC_WARN_ABOUT_MISSING_FIELD_INITIALIZERS = YES;
				GCC_WARN_ABOUT_MISSING_NEWLINE = YES;
				GCC_WARN_ABOUT_MISSING_PROTOTYPES = YES;
				GCC_WARN_ABOUT_RETURN_TYPE = YES;
				GCC_WARN_FOUR_CHARACTER_CONSTANTS = YES;
				GCC_WARN_HIDDEN_VIRTUAL_FUNCTIONS = YES;
				GCC_WARN_INITIALIZER_NOT_FULLY_BRACKETED = YES;
				GCC_WARN_MULTIPLE_DEFINITION_TYPES_FOR_SELECTOR = YES;
				GCC_WARN_NON_VIRTUAL_DESTRUCTOR = YES;
				GCC_WARN_PEDANTIC = YES;
				GCC_WARN_SHADOW = YES;
				GCC_WARN_SIGN_COMPARE = YES;
				GCC_WARN_STRICT_SELECTOR_MATCH = YES;
				GCC_WARN_UNDECLARED_SELECTOR = YES;
				GCC_WARN_UNINITIALIZED_AUTOS = YES;
				GCC_WARN_UNKNOWN_PRAGMAS = YES;
				GCC_WARN_UNUSED_FUNCTION = YES;
				GCC_WARN_UNUSED_LABEL = YES;
				GCC_WARN_UNUSED_VARIABLE = YES;
				ONLY_ACTIVE_ARCH = YES;
				SDKROOT = iphoneos;
				TARGETED_DEVICE_FAMILY = "1,2";
			};
			name = Debug;
		};
		C01FCF5008A954540054247B /* Release */ = {
			isa = XCBuildConfiguration;
			buildSettings = {
				CLANG_WARN_BOOL_CONVERSION = YES;
				CLANG_WARN_CONSTANT_CONVERSION = YES;
				CLANG_WARN_CXX0X_EXTENSIONS = YES;
				CLANG_WARN_DEPRECATED_OBJC_IMPLEMENTATIONS = YES;
				CLANG_WARN_DOCUMENTATION_COMMENTS = YES;
				CLANG_WARN_EMPTY_BODY = YES;
				CLANG_WARN_ENUM_CONVERSION = YES;
				CLANG_WARN_IMPLICIT_SIGN_CONVERSION = YES;
				CLANG_WARN_INT_CONVERSION = YES;
				CLANG_WARN_OBJC_IMPLICIT_ATOMIC_PROPERTIES = YES;
				CLANG_WARN_SUSPICIOUS_IMPLICIT_CONVERSION = YES;
				CLANG_WARN__DUPLICATE_METHOD_MATCH = YES;
				CLANG_WARN__EXIT_TIME_DESTRUCTORS = YES;
				DEBUG_INFORMATION_FORMAT = "dwarf-with-dsym";
				GCC_C_LANGUAGE_STANDARD = c99;
				GCC_TREAT_IMPLICIT_FUNCTION_DECLARATIONS_AS_ERRORS = YES;
				GCC_TREAT_INCOMPATIBLE_POINTER_TYPE_WARNINGS_AS_ERRORS = YES;
				GCC_TREAT_WARNINGS_AS_ERRORS = YES;
				GCC_WARN_64_TO_32_BIT_CONVERSION = YES;
				GCC_WARN_ABOUT_MISSING_FIELD_INITIALIZERS = YES;
				GCC_WARN_ABOUT_MISSING_NEWLINE = YES;
				GCC_WARN_ABOUT_MISSING_PROTOTYPES = YES;
				GCC_WARN_ABOUT_RETURN_TYPE = YES;
				GCC_WARN_FOUR_CHARACTER_CONSTANTS = YES;
				GCC_WARN_HIDDEN_VIRTUAL_FUNCTIONS = YES;
				GCC_WARN_INITIALIZER_NOT_FULLY_BRACKETED = YES;
				GCC_WARN_MULTIPLE_DEFINITION_TYPES_FOR_SELECTOR = YES;
				GCC_WARN_NON_VIRTUAL_DESTRUCTOR = YES;
				GCC_WARN_PEDANTIC = YES;
				GCC_WARN_SHADOW = YES;
				GCC_WARN_SIGN_COMPARE = YES;
				GCC_WARN_STRICT_SELECTOR_MATCH = YES;
				GCC_WARN_UNDECLARED_SELECTOR = YES;
				GCC_WARN_UNINITIALIZED_AUTOS = YES;
				GCC_WARN_UNKNOWN_PRAGMAS = YES;
				GCC_WARN_UNUSED_FUNCTION = YES;
				GCC_WARN_UNUSED_LABEL = YES;
				GCC_WARN_UNUSED_VARIABLE = YES;
				OTHER_CFLAGS = "-DNS_BLOCK_ASSERTIONS=1";
				SDKROOT = iphoneos;
				TARGETED_DEVICE_FAMILY = "1,2";
			};
			name = Release;
		};
/* End XCBuildConfiguration section */

/* Begin XCConfigurationList section */
		1D6058960D05DD3E006BFB54 /* Build configuration list for PBXNativeTarget "iOS" */ = {
			isa = XCConfigurationList;
			buildConfigurations = (
				1D6058940D05DD3E006BFB54 /* Debug */,
				1D6058950D05DD3E006BFB54 /* Release */,
			);
			defaultConfigurationIsVisible = 0;
			defaultConfigurationName = Release;
		};
		5DC8CD81126AF42800CE5F6B /* Build configuration list for PBXNativeTarget "OS X" */ = {
			isa = XCConfigurationList;
			buildConfigurations = (
				5DC8CD7F126AF42800CE5F6B /* Debug */,
				5DC8CD80126AF42800CE5F6B /* Release */,
			);
			defaultConfigurationIsVisible = 0;
			defaultConfigurationName = Release;
		};
		C01FCF4E08A954540054247B /* Build configuration list for PBXProject "FileMD5Hash" */ = {
			isa = XCConfigurationList;
			buildConfigurations = (
				C01FCF4F08A954540054247B /* Debug */,
				C01FCF5008A954540054247B /* Release */,
			);
			defaultConfigurationIsVisible = 0;
			defaultConfigurationName = Release;
		};
/* End XCConfigurationList section */
	};
	rootObject = 29B97313FDCFA39411CA2CEA /* Project object */;
}
